PODS:
  - SDWebImage (5.19.1):
    - SDWebImage/Core (= 5.19.1)
  - SDWebImage/Core (5.19.1)
  - SwiftyGif (5.4.5)

DEPENDENCIES:
  - SDWebImage
  - SwiftyGif

SPEC REPOS:
  trunk:
    - SDWebImage
    - SwiftyGif

SPEC CHECKSUMS:
  SDWebImage: 40b0b4053e36c660a764958bff99eed16610acbb
  SwiftyGif: 706c60cf65fa2bc5ee0313beece843c8eb8194d4

PODFILE CHECKSUM: 68a34955edcf23d49459294154a3aa00d8cb63c9

COCOAPODS: 1.16.2
